
Microsoft Visual Studio Solution File, Format Version 12.00
Project("{FAE04EC0-301F-11D3-BF4B-00C04F79EFBC}") = "Octo.Demo.Api", "Octo.Demo.Api\Octo.Demo.Api.csproj", "{60954435-BEFF-4614-BC30-4C482E6AA6BC}"
EndProject
Project("{FAE04EC0-301F-11D3-BF4B-00C04F79EFBC}") = "Octo.Demo.Api.Tests", "Octo.Demo.Api.Tests\Octo.Demo.Api.Tests.csproj", "{7158232B-F414-4E06-9542-E0E002E02A20}"
EndProject
Global
	GlobalSection(SolutionConfigurationPlatforms) = preSolution
		Debug|Any CPU = Debug|Any CPU
		Release|Any CPU = Release|Any CPU
	EndGlobalSection
	GlobalSection(ProjectConfigurationPlatforms) = postSolution
		{60954435-BEFF-4614-BC30-4C482E6AA6BC}.Debug|Any CPU.ActiveCfg = Debug|Any CPU
		{60954435-BEFF-4614-BC30-4C482E6AA6BC}.Debug|Any CPU.Build.0 = Debug|Any CPU
		{60954435-BEFF-4614-BC30-4C482E6AA6BC}.Release|Any CPU.ActiveCfg = Release|Any CPU
		{60954435-BEFF-4614-BC30-4C482E6AA6BC}.Release|Any CPU.Build.0 = Release|Any CPU
		{7158232B-F414-4E06-9542-E0E002E02A20}.Debug|Any CPU.ActiveCfg = Debug|Any CPU
		{7158232B-F414-4E06-9542-E0E002E02A20}.Debug|Any CPU.Build.0 = Debug|Any CPU
		{7158232B-F414-4E06-9542-E0E002E02A20}.Release|Any CPU.ActiveCfg = Release|Any CPU
		{7158232B-F414-4E06-9542-E0E002E02A20}.Release|Any CPU.Build.0 = Release|Any CPU
	EndGlobalSection
EndGlobal
